
Microsoft Visual Studio Solution File, Format Version 12.00
# Visual Studio Version 17
VisualStudioVersion = 17.0.31903.59
MinimumVisualStudioVersion = 10.0.40219.1
Project("{FAE04EC0-301F-11D3-BF4B-00C04F79EFBC}") = "DemoLive", "DemoLive\DemoLive.csproj", "{D8974556-8926-4E90-850E-D85C04DAB472}"
EndProject
Project("{FAE04EC0-301F-11D3-BF4B-00C04F79EFBC}") = "DemoLive.UniTests", "DemoLive.UniTests\DemoLive.UniTests.csproj", "{F269BACF-87C9-4B86-AA63-A6D95145BC22}"
EndProject
Global
	GlobalSection(SolutionConfigurationPlatforms) = preSolution
		Debug|Any CPU = Debug|Any CPU
		Release|Any CPU = Release|Any CPU
	EndGlobalSection
	GlobalSection(ProjectConfigurationPlatforms) = postSolution
		{D8974556-8926-4E90-850E-D85C04DAB472}.Debug|Any CPU.ActiveCfg = Debug|Any CPU
		{D8974556-8926-4E90-850E-D85C04DAB472}.Debug|Any CPU.Build.0 = Debug|Any CPU
		{D8974556-8926-4E90-850E-D85C04DAB472}.Release|Any CPU.ActiveCfg = Release|Any CPU
		{D8974556-8926-4E90-850E-D85C04DAB472}.Release|Any CPU.Build.0 = Release|Any CPU
		{F269BACF-87C9-4B86-AA63-A6D95145BC22}.Debug|Any CPU.ActiveCfg = Debug|Any CPU
		{F269BACF-87C9-4B86-AA63-A6D95145BC22}.Debug|Any CPU.Build.0 = Debug|Any CPU
		{F269BACF-87C9-4B86-AA63-A6D95145BC22}.Release|Any CPU.ActiveCfg = Release|Any CPU
		{F269BACF-87C9-4B86-AA63-A6D95145BC22}.Release|Any CPU.Build.0 = Release|Any CPU
	EndGlobalSection
	GlobalSection(SolutionProperties) = preSolution
		HideSolutionNode = FALSE
	EndGlobalSection
	GlobalSection(ExtensibilityGlobals) = postSolution
		SolutionGuid = {7C794D46-E003-4FA2-9D36-DF12B83CFAD2}
	EndGlobalSection
EndGlobal
